
Microsoft Visual Studio Solution File, Format Version 12.00
# Visual Studio 15
VisualStudioVersion = 15.0.27703.2035
MinimumVisualStudioVersion = 10.0.40219.1
Project("{FAE04EC0-301F-11D3-BF4B-00C04F79EFBC}") = "CompareThreeNumbers", "CompareThreeNumbers\CompareThreeNumbers.csproj", "{F9BA1E47-D3F4-469A-A6C6-DF507B0A92FB}"
EndProject
Global
	GlobalSection(SolutionConfigurationPlatforms) = preSolution
		Debug|Any CPU = Debug|Any CPU
		Release|Any CPU = Release|Any CPU
	EndGlobalSection
	GlobalSection(ProjectConfigurationPlatforms) = postSolution
		{F9BA1E47-D3F4-469A-A6C6-DF507B0A92FB}.Debug|Any CPU.ActiveCfg = Debug|Any CPU
		{F9BA1E47-D3F4-469A-A6C6-DF507B0A92FB}.Debug|Any CPU.Build.0 = Debug|Any CPU
		{F9BA1E47-D3F4-469A-A6C6-DF507B0A92FB}.Release|Any CPU.ActiveCfg = Release|Any CPU
		{F9BA1E47-D3F4-469A-A6C6-DF507B0A92FB}.Release|Any CPU.Build.0 = Release|Any CPU
	EndGlobalSection
	GlobalSection(SolutionProperties) = preSolution
		HideSolutionNode = FALSE
	EndGlobalSection
	GlobalSection(ExtensibilityGlobals) = postSolution
		SolutionGuid = {BC4A45B4-2573-44A0-AE24-26537D4D7581}
	EndGlobalSection
EndGlobal
