
Microsoft Visual Studio Solution File, Format Version 12.00
# Visual Studio 15
VisualStudioVersion = 15.0.27703.2035
MinimumVisualStudioVersion = 10.0.40219.1
Project("{FAE04EC0-301F-11D3-BF4B-00C04F79EFBC}") = "DoorGame", "DoorGame\DoorGame.csproj", "{5857CB07-7A65-4CF4-87CF-C07E0AEEE876}"
EndProject
Global
	GlobalSection(SolutionConfigurationPlatforms) = preSolution
		Debug|Any CPU = Debug|Any CPU
		Release|Any CPU = Release|Any CPU
	EndGlobalSection
	GlobalSection(ProjectConfigurationPlatforms) = postSolution
		{5857CB07-7A65-4CF4-87CF-C07E0AEEE876}.Debug|Any CPU.ActiveCfg = Debug|Any CPU
		{5857CB07-7A65-4CF4-87CF-C07E0AEEE876}.Debug|Any CPU.Build.0 = Debug|Any CPU
		{5857CB07-7A65-4CF4-87CF-C07E0AEEE876}.Release|Any CPU.ActiveCfg = Release|Any CPU
		{5857CB07-7A65-4CF4-87CF-C07E0AEEE876}.Release|Any CPU.Build.0 = Release|Any CPU
	EndGlobalSection
	GlobalSection(SolutionProperties) = preSolution
		HideSolutionNode = FALSE
	EndGlobalSection
	GlobalSection(ExtensibilityGlobals) = postSolution
		SolutionGuid = {EA7265EB-EB17-4385-853B-473EB009C5E0}
	EndGlobalSection
EndGlobal
