
Microsoft Visual Studio Solution File, Format Version 12.00
# Visual Studio 15
VisualStudioVersion = 15.0.27703.2035
MinimumVisualStudioVersion = 10.0.40219.1
Project("{FAE04EC0-301F-11D3-BF4B-00C04F79EFBC}") = "ageInsultGenerator", "ageInsultGenerator\ageInsultGenerator.csproj", "{1565A2D3-F1C1-406F-B820-B2FD314D02A0}"
EndProject
Global
	GlobalSection(SolutionConfigurationPlatforms) = preSolution
		Debug|Any CPU = Debug|Any CPU
		Release|Any CPU = Release|Any CPU
	EndGlobalSection
	GlobalSection(ProjectConfigurationPlatforms) = postSolution
		{1565A2D3-F1C1-406F-B820-B2FD314D02A0}.Debug|Any CPU.ActiveCfg = Debug|Any CPU
		{1565A2D3-F1C1-406F-B820-B2FD314D02A0}.Debug|Any CPU.Build.0 = Debug|Any CPU
		{1565A2D3-F1C1-406F-B820-B2FD314D02A0}.Release|Any CPU.ActiveCfg = Release|Any CPU
		{1565A2D3-F1C1-406F-B820-B2FD314D02A0}.Release|Any CPU.Build.0 = Release|Any CPU
	EndGlobalSection
	GlobalSection(SolutionProperties) = preSolution
		HideSolutionNode = FALSE
	EndGlobalSection
	GlobalSection(ExtensibilityGlobals) = postSolution
		SolutionGuid = {4B019BBB-1C46-460D-8789-04CAE1C13331}
	EndGlobalSection
EndGlobal
