
Microsoft Visual Studio Solution File, Format Version 12.00
# Visual Studio 15
VisualStudioVersion = 15.0.27703.2035
MinimumVisualStudioVersion = 10.0.40219.1
Project("{FAE04EC0-301F-11D3-BF4B-00C04F79EFBC}") = "RPS", "RPS\RPS.csproj", "{520D7F91-A215-46EB-913F-C56AB4A3AE02}"
EndProject
Global
	GlobalSection(SolutionConfigurationPlatforms) = preSolution
		Debug|Any CPU = Debug|Any CPU
		Release|Any CPU = Release|Any CPU
	EndGlobalSection
	GlobalSection(ProjectConfigurationPlatforms) = postSolution
		{520D7F91-A215-46EB-913F-C56AB4A3AE02}.Debug|Any CPU.ActiveCfg = Debug|Any CPU
		{520D7F91-A215-46EB-913F-C56AB4A3AE02}.Debug|Any CPU.Build.0 = Debug|Any CPU
		{520D7F91-A215-46EB-913F-C56AB4A3AE02}.Release|Any CPU.ActiveCfg = Release|Any CPU
		{520D7F91-A215-46EB-913F-C56AB4A3AE02}.Release|Any CPU.Build.0 = Release|Any CPU
	EndGlobalSection
	GlobalSection(SolutionProperties) = preSolution
		HideSolutionNode = FALSE
	EndGlobalSection
	GlobalSection(ExtensibilityGlobals) = postSolution
		SolutionGuid = {D4E4440E-6384-4C31-A13A-42D9384E2AAD}
	EndGlobalSection
EndGlobal
